
Microsoft Visual Studio Solution File, Format Version 12.00
Project("{FAE04EC0-301F-11D3-BF4B-00C04F79EFBC}") = "Comision.API", "Comision.API\Comision.API.csproj", "{8DE72C11-A5EF-493D-8938-121EACFE6706}"
EndProject
Global
	GlobalSection(SolutionConfigurationPlatforms) = preSolution
		Debug|Any CPU = Debug|Any CPU
		Release|Any CPU = Release|Any CPU
	EndGlobalSection
	GlobalSection(ProjectConfigurationPlatforms) = postSolution
		{8DE72C11-A5EF-493D-8938-121EACFE6706}.Debug|Any CPU.ActiveCfg = Debug|Any CPU
		{8DE72C11-A5EF-493D-8938-121EACFE6706}.Debug|Any CPU.Build.0 = Debug|Any CPU
		{8DE72C11-A5EF-493D-8938-121EACFE6706}.Release|Any CPU.ActiveCfg = Release|Any CPU
		{8DE72C11-A5EF-493D-8938-121EACFE6706}.Release|Any CPU.Build.0 = Release|Any CPU
	EndGlobalSection
EndGlobal
